# This file is automatically @generated by Cargo.
# It is not intended for manual editing.
version = 4

[[package]]
name = "recon-api"
version = "0.1.0"

[[package]]
name = "recon-domain"
version = "0.1.0"

[[package]]
name = "recon-matching"
version = "0.1.0"

[[package]]
name = "recon-store"
version = "0.1.0"
